
Microsoft Visual Studio Solution File, Format Version 12.00
# Visual Studio Version 17
VisualStudioVersion = 17.9.34407.89
MinimumVisualStudioVersion = 10.0.40219.1
Project("{FAE04EC0-301F-11D3-BF4B-00C04F79EFBC}") = "MvcMovie", "MvcMovie\MvcMovie.csproj", "{FBA2D5ED-207D-4C33-93F1-C026C6140B97}"
EndProject
Global
	GlobalSection(SolutionConfigurationPlatforms) = preSolution
		Debug|Any CPU = Debug|Any CPU
		Release|Any CPU = Release|Any CPU
	EndGlobalSection
	GlobalSection(ProjectConfigurationPlatforms) = postSolution
		{FBA2D5ED-207D-4C33-93F1-C026C6140B97}.Debug|Any CPU.ActiveCfg = Debug|Any CPU
		{FBA2D5ED-207D-4C33-93F1-C026C6140B97}.Debug|Any CPU.Build.0 = Debug|Any CPU
		{FBA2D5ED-207D-4C33-93F1-C026C6140B97}.Release|Any CPU.ActiveCfg = Release|Any CPU
		{FBA2D5ED-207D-4C33-93F1-C026C6140B97}.Release|Any CPU.Build.0 = Release|Any CPU
	EndGlobalSection
	GlobalSection(SolutionProperties) = preSolution
		HideSolutionNode = FALSE
	EndGlobalSection
	GlobalSection(ExtensibilityGlobals) = postSolution
		SolutionGuid = {2AA26CDE-5EAF-473F-AB74-CC4D42BA7DB6}
	EndGlobalSection
EndGlobal
